
Microsoft Visual Studio Solution File, Format Version 12.00
# Visual Studio 15
VisualStudioVersion = 15.0.28010.2026
MinimumVisualStudioVersion = 10.0.40219.1
Project("{F2A71F9B-5D33-465A-A702-920D77279786}") = "Iz 9", "Iz 9\Iz 9.fsproj", "{F84843AA-D516-44CE-8781-7F4A1A40B008}"
EndProject
Global
	GlobalSection(SolutionConfigurationPlatforms) = preSolution
		Debug|Any CPU = Debug|Any CPU
		Release|Any CPU = Release|Any CPU
	EndGlobalSection
	GlobalSection(ProjectConfigurationPlatforms) = postSolution
		{F84843AA-D516-44CE-8781-7F4A1A40B008}.Debug|Any CPU.ActiveCfg = Debug|Any CPU
		{F84843AA-D516-44CE-8781-7F4A1A40B008}.Debug|Any CPU.Build.0 = Debug|Any CPU
		{F84843AA-D516-44CE-8781-7F4A1A40B008}.Release|Any CPU.ActiveCfg = Release|Any CPU
		{F84843AA-D516-44CE-8781-7F4A1A40B008}.Release|Any CPU.Build.0 = Release|Any CPU
	EndGlobalSection
	GlobalSection(SolutionProperties) = preSolution
		HideSolutionNode = FALSE
	EndGlobalSection
	GlobalSection(ExtensibilityGlobals) = postSolution
		SolutionGuid = {3BBD2897-2A5B-49E3-887F-94F2457662E3}
	EndGlobalSection
EndGlobal
